
Microsoft Visual Studio Solution File, Format Version 12.00
# Visual Studio Version 17
VisualStudioVersion = 17.0.31903.59
MinimumVisualStudioVersion = 10.0.40219.1
Project("{9A19103F-16F7-4668-BE54-9A1E7A4F7556}") = "Sansa.Model", "Sansa.Model\Sansa.Model.csproj", "{174179D3-86C9-4DEA-97B9-A841FF336644}"
EndProject
Project("{9A19103F-16F7-4668-BE54-9A1E7A4F7556}") = "Sansa.Model.UnitTest", "Sansa.Model.UnitTest\Sansa.Model.UnitTest.csproj", "{D70A76D4-B6DE-4D7B-ABB4-E7181C5B2A78}"
EndProject
Global
	GlobalSection(SolutionConfigurationPlatforms) = preSolution
		Debug|Any CPU = Debug|Any CPU
		Release|Any CPU = Release|Any CPU
	EndGlobalSection
	GlobalSection(ProjectConfigurationPlatforms) = postSolution
		{174179D3-86C9-4DEA-97B9-A841FF336644}.Debug|Any CPU.ActiveCfg = Debug|Any CPU
		{174179D3-86C9-4DEA-97B9-A841FF336644}.Debug|Any CPU.Build.0 = Debug|Any CPU
		{174179D3-86C9-4DEA-97B9-A841FF336644}.Release|Any CPU.ActiveCfg = Release|Any CPU
		{174179D3-86C9-4DEA-97B9-A841FF336644}.Release|Any CPU.Build.0 = Release|Any CPU
		{D70A76D4-B6DE-4D7B-ABB4-E7181C5B2A78}.Debug|Any CPU.ActiveCfg = Debug|Any CPU
		{D70A76D4-B6DE-4D7B-ABB4-E7181C5B2A78}.Debug|Any CPU.Build.0 = Debug|Any CPU
		{D70A76D4-B6DE-4D7B-ABB4-E7181C5B2A78}.Release|Any CPU.ActiveCfg = Release|Any CPU
		{D70A76D4-B6DE-4D7B-ABB4-E7181C5B2A78}.Release|Any CPU.Build.0 = Release|Any CPU
	EndGlobalSection
	GlobalSection(SolutionProperties) = preSolution
		HideSolutionNode = FALSE
	EndGlobalSection
	GlobalSection(ExtensibilityGlobals) = postSolution
		SolutionGuid = {30D678C8-AE5C-4F0A-ABCE-BB6754540487}
	EndGlobalSection
EndGlobal
